{
  "name": "energy",
  "version": "1.0.0",
  "lockfileVersion": 3,
  "requires": true,
  "packages": {
    "": {
      "name": "energy",
      "version": "1.0.0",
      "license": "ISC",
      "dependencies": {
        "utm-latlng": "^1.0.7"
      }
    },
    "node_modules/utm-latlng": {
      "version": "1.0.7",
      "resolved": "https://registry.npmjs.org/utm-latlng/-/utm-latlng-1.0.7.tgz",
      "integrity": "sha512-Ij1TCHzrThdHSwYM7SJh3yPNSOqUVnUNQPnF1Dpy1OfaK+ej4a0sDfymMvIrHBzJlERCS114VBW/94WKF++Big=="
    }
  }
}
